PODS:
  - connectivity_plus_macos (0.0.1):
    - FlutterMacOS
    - ReachabilitySwift
  - desktop_window (0.0.1):
    - FlutterMacOS
  - FlutterMacOS (1.0.0)
  - network_info_plus_macos (0.0.1):
    - FlutterMacOS
  - ReachabilitySwift (5.2.2)

DEPENDENCIES:
  - connectivity_plus_macos (from `Flutter/ephemeral/.symlinks/plugins/connectivity_plus_macos/macos`)
  - desktop_window (from `Flutter/ephemeral/.symlinks/plugins/desktop_window/macos`)
  - FlutterMacOS (from `Flutter/ephemeral`)
  - network_info_plus_macos (from `Flutter/ephemeral/.symlinks/plugins/network_info_plus_macos/macos`)

SPEC REPOS:
  trunk:
    - ReachabilitySwift

EXTERNAL SOURCES:
  connectivity_plus_macos:
    :path: Flutter/ephemeral/.symlinks/plugins/connectivity_plus_macos/macos
  desktop_window:
    :path: Flutter/ephemeral/.symlinks/plugins/desktop_window/macos
  FlutterMacOS:
    :path: Flutter/ephemeral
  network_info_plus_macos:
    :path: Flutter/ephemeral/.symlinks/plugins/network_info_plus_macos/macos

SPEC CHECKSUMS:
  connectivity_plus_macos: f6e86fd000e971d361e54b5afcadc8c8fa773308
  desktop_window: fb7c4f12c1129f947ac482296b6f14059d57a3c3
  FlutterMacOS: 8f6f14fa908a6fb3fba0cd85dbd81ec4b251fb24
  network_info_plus_macos: d2b9e6c01c291449b91a584217aa53b113847dbd
  ReachabilitySwift: 2128f3a8c9107e1ad33574c6e58e8285d460b149

PODFILE CHECKSUM: 236401fc2c932af29a9fcf0e97baeeb2d750d367

COCOAPODS: 1.15.2
